{
  "projects": [
    {
      "projectId": "gmeH6XgPaBtkt51HunAo4g",
      "version": "18.30.0",
      "dependencies": {},
      "lang": "js",
      "fileLocks": [
        {
          "assetId": "gmeH6XgPaBtkt51HunAo4g",
          "type": "projectCss",
          "checksum": "06f5c23ae2592ee7a4f60c445b874bf1"
        },
        {
          "assetId": "gmeH6XgPaBtkt51HunAo4g",
          "checksum": "12432bceef704021122cb8b3d2017760",
          "type": "projectModule"
        },
        {
          "assetId": "gmeH6XgPaBtkt51HunAo4g",
          "checksum": "17558fc177853b5e32bb65f71d30ebce",
          "type": "styleTokensProvider"
        }
      ],
      "codegenVersion": "0.0.3"
    },
    {
      "projectId": "oE3FNJgfJRWctRp1SvVjWz",
      "version": "latest",
      "dependencies": {
        "gmeH6XgPaBtkt51HunAo4g": "18.30.0",
        "ohDidvG9XsCeFumugENU3J": "6.36.0",
        "hjKYmYi6HMwK6TRyk7ew5R": "6.48.0",
        "hPz6Q3nQJn9Q8DTBgANGwo": "0.1.0"
      },
      "lang": "js",
      "fileLocks": [
        {
          "type": "globalVariant",
          "assetId": "p9iit_OuGb6s",
          "checksum": "3a8d54b6d62f27e7e167327b1ac9ffd4"
        },
        {
          "assetId": "oE3FNJgfJRWctRp1SvVjWz",
          "checksum": "2a80df27fe117139790460116d2d0f5a",
          "type": "projectModule"
        },
        {
          "assetId": "oE3FNJgfJRWctRp1SvVjWz",
          "checksum": "3d1f2e35ec7b9a4876987875f5c0f331",
          "type": "styleTokensProvider"
        },
        {
          "type": "renderModule",
          "assetId": "WDH2fCrqGWz-",
          "checksum": "36e025c61f4023268b642fd93afb7d69"
        },
        {
          "type": "cssRules",
          "assetId": "WDH2fCrqGWz-",
          "checksum": "36e025c61f4023268b642fd93afb7d69"
        },
        {
          "type": "renderModule",
          "assetId": "US579T5BNM_b",
          "checksum": "2833a210e52ca47acf1199bb5e2e55d6"
        },
        {
          "type": "cssRules",
          "assetId": "US579T5BNM_b",
          "checksum": "2833a210e52ca47acf1199bb5e2e55d6"
        },
        {
          "type": "renderModule",
          "assetId": "na8pIlos6a3B",
          "checksum": "f43e7c7d5bbccf820e84ba34b86a2add"
        },
        {
          "type": "cssRules",
          "assetId": "na8pIlos6a3B",
          "checksum": "f43e7c7d5bbccf820e84ba34b86a2add"
        },
        {
          "type": "renderModule",
          "assetId": "Okot65MPDajf",
          "checksum": "2f9c7add534397b8dcceb39468ac5327"
        },
        {
          "type": "cssRules",
          "assetId": "Okot65MPDajf",
          "checksum": "2f9c7add534397b8dcceb39468ac5327"
        },
        {
          "type": "renderModule",
          "assetId": "lWWgXZMlHqKr",
          "checksum": "ff6613ce53f238c4348cf3eade5176eb"
        },
        {
          "type": "cssRules",
          "assetId": "lWWgXZMlHqKr",
          "checksum": "ff6613ce53f238c4348cf3eade5176eb"
        },
        {
          "type": "renderModule",
          "assetId": "N_Zq9mLu117T",
          "checksum": "db7f50a93cb02e9e00096475eabad4a0"
        },
        {
          "type": "cssRules",
          "assetId": "N_Zq9mLu117T",
          "checksum": "db7f50a93cb02e9e00096475eabad4a0"
        },
        {
          "type": "renderModule",
          "assetId": "WT98o2qUzdn3",
          "checksum": "42e203faef7d518c62ce1c7607cf255b"
        },
        {
          "type": "cssRules",
          "assetId": "WT98o2qUzdn3",
          "checksum": "42e203faef7d518c62ce1c7607cf255b"
        },
        {
          "type": "renderModule",
          "assetId": "KTSy7T7OaxXU",
          "checksum": "3453ecb4b961d512993485126882f493"
        },
        {
          "type": "cssRules",
          "assetId": "KTSy7T7OaxXU",
          "checksum": "3453ecb4b961d512993485126882f493"
        },
        {
          "type": "renderModule",
          "assetId": "SNhJ45SfzeB3",
          "checksum": "6b676cb769798e695f8da55b22f96f73"
        },
        {
          "type": "cssRules",
          "assetId": "SNhJ45SfzeB3",
          "checksum": "6b676cb769798e695f8da55b22f96f73"
        },
        {
          "type": "renderModule",
          "assetId": "yeouuV7SEEIK",
          "checksum": "77a4728734d98705a520294868ce1d79"
        },
        {
          "type": "cssRules",
          "assetId": "yeouuV7SEEIK",
          "checksum": "77a4728734d98705a520294868ce1d79"
        },
        {
          "type": "renderModule",
          "assetId": "DHobGCghp6tB",
          "checksum": "6f1cab17c8585c2907f59745c51dedab"
        },
        {
          "type": "cssRules",
          "assetId": "DHobGCghp6tB",
          "checksum": "6f1cab17c8585c2907f59745c51dedab"
        },
        {
          "type": "renderModule",
          "assetId": "LZEtyTk876xa",
          "checksum": "9491a7dd1644a001456f94b5a8a5fa6e"
        },
        {
          "type": "cssRules",
          "assetId": "LZEtyTk876xa",
          "checksum": "9491a7dd1644a001456f94b5a8a5fa6e"
        },
        {
          "type": "renderModule",
          "assetId": "23Jj12EtdGbx",
          "checksum": "442e7aab70a7835e24adf4c2b34eb9f8"
        },
        {
          "type": "cssRules",
          "assetId": "23Jj12EtdGbx",
          "checksum": "442e7aab70a7835e24adf4c2b34eb9f8"
        },
        {
          "type": "renderModule",
          "assetId": "0OUkU0_5vn08",
          "checksum": "0560e05d60b433fe1ddb9b4d56aca9b5"
        },
        {
          "type": "cssRules",
          "assetId": "0OUkU0_5vn08",
          "checksum": "0560e05d60b433fe1ddb9b4d56aca9b5"
        },
        {
          "type": "renderModule",
          "assetId": "_xM4MwCB6ZAd",
          "checksum": "d1f0e99ef42fe40454ef9f48758a4a1d"
        },
        {
          "type": "cssRules",
          "assetId": "_xM4MwCB6ZAd",
          "checksum": "d1f0e99ef42fe40454ef9f48758a4a1d"
        },
        {
          "type": "renderModule",
          "assetId": "5K_hpncPmsa5",
          "checksum": "ff2091a5f48b814db9466074723a70e3"
        },
        {
          "type": "cssRules",
          "assetId": "5K_hpncPmsa5",
          "checksum": "ff2091a5f48b814db9466074723a70e3"
        },
        {
          "type": "renderModule",
          "assetId": "u7SYDNEWeVCB",
          "checksum": "f6fa77708c6806b737f7a9ba6eb523cf"
        },
        {
          "type": "cssRules",
          "assetId": "u7SYDNEWeVCB",
          "checksum": "f6fa77708c6806b737f7a9ba6eb523cf"
        },
        {
          "type": "renderModule",
          "assetId": "vOlX9TlVg4n5",
          "checksum": "60018e20dace7997aca7dc605ee66b74"
        },
        {
          "type": "cssRules",
          "assetId": "vOlX9TlVg4n5",
          "checksum": "60018e20dace7997aca7dc605ee66b74"
        },
        {
          "type": "renderModule",
          "assetId": "-bjKjCKStmMX",
          "checksum": "d5ab6e48a211389c39a2f591970a398e"
        },
        {
          "type": "cssRules",
          "assetId": "-bjKjCKStmMX",
          "checksum": "d5ab6e48a211389c39a2f591970a398e"
        },
        {
          "type": "renderModule",
          "assetId": "hWiarQquCkSU",
          "checksum": "aa8db2f4d5bdd1dca82ec77beed75f68"
        },
        {
          "type": "cssRules",
          "assetId": "hWiarQquCkSU",
          "checksum": "aa8db2f4d5bdd1dca82ec77beed75f68"
        },
        {
          "type": "icon",
          "assetId": "VHtbySoK2oHo",
          "checksum": "460ac90ac41663628a3952c386281f1d"
        },
        {
          "type": "icon",
          "assetId": "HD3TLTeOqPd7",
          "checksum": "b9700b98d66e57897cb834ccb3628a93"
        },
        {
          "type": "icon",
          "assetId": "_szEYGwJNIdj",
          "checksum": "e8fdde814dd0f83ab9ced007ee184ccf"
        },
        {
          "type": "icon",
          "assetId": "Cmjslaodq7_N",
          "checksum": "3bedc1325a8a8858a427ad9513a72189"
        },
        {
          "type": "icon",
          "assetId": "LcyOZzvDyqHj",
          "checksum": "c939af5fd96943b846d6635ef6b5a7a6"
        },
        {
          "type": "icon",
          "assetId": "yepzTg4RDDiB",
          "checksum": "77ec2a2bacf05db13cffa4b586e085db"
        },
        {
          "type": "icon",
          "assetId": "hNY8Ce-ESGfA",
          "checksum": "bd1f17d64f777d362b64feabf540c46d"
        },
        {
          "type": "icon",
          "assetId": "2F6GBPYD2VnS",
          "checksum": "458ae0f709b7bfd34461cbc15b8e1c75"
        },
        {
          "type": "icon",
          "assetId": "nd9_IlTNLsAO",
          "checksum": "36fe01c7a87d927d3f98d115e50f27d4"
        },
        {
          "type": "icon",
          "assetId": "2d_T1ryx2jEa",
          "checksum": "99365d1dd0d1ff4a6b2ba1ec9cd3b2f8"
        },
        {
          "type": "icon",
          "assetId": "JLREm-YHtuao",
          "checksum": "814c197057db51f466778e777419c553"
        },
        {
          "type": "icon",
          "assetId": "pfH-B8dDWkCI",
          "checksum": "eb763908c27d9adcb9e420b5a2d36c19"
        },
        {
          "type": "icon",
          "assetId": "bWrZnqGaAM2w",
          "checksum": "f3a2486aff0e6d487de9a07fa4181d6c"
        },
        {
          "type": "icon",
          "assetId": "vPOSlYWZ408-",
          "checksum": "85c610d36026384ac0a1832ab4888981"
        },
        {
          "type": "icon",
          "assetId": "NuXdjL7-tCPI",
          "checksum": "e0aac64e17f7590d3b39433dcf63fd81"
        },
        {
          "type": "icon",
          "assetId": "v0cEPKKo1Hw9",
          "checksum": "2d44a5a498990a5a9b27c0d3defd848f"
        },
        {
          "type": "icon",
          "assetId": "FqgOD6-q_whL",
          "checksum": "92bfa32689150ab022a85c7c1e93ffaa"
        },
        {
          "type": "icon",
          "assetId": "FA6h8vgFP-0X",
          "checksum": "42cc6649a10e583394bf110ba45056ef"
        },
        {
          "type": "icon",
          "assetId": "9HFS9JmFDo0D",
          "checksum": "3eb0908091eaa6ea7fc0bba3e5f780ec"
        },
        {
          "type": "image",
          "assetId": "b9EU5rxXcGcl",
          "checksum": "90a3be571974a45353214045f26cfb43"
        },
        {
          "type": "image",
          "assetId": "6e0KQeDKuX4o",
          "checksum": "c10ae27590f85a2190e647ce79b1e296"
        },
        {
          "type": "image",
          "assetId": "tdkg5ujgT62G",
          "checksum": "486ef794336bd48c01db6003e4bc2dcc"
        },
        {
          "type": "image",
          "assetId": "b7tEaCuj8SNo",
          "checksum": "c33cbdb99ccee6de79358216c2e7fae3"
        },
        {
          "type": "image",
          "assetId": "3A24KnpTGfWw",
          "checksum": "2da9e29d1dc42723f9a269ab1df86534"
        },
        {
          "type": "image",
          "assetId": "uCstsiFTx_rp",
          "checksum": "e237ca7e9a9a958d86b9fc9d19dcfc19"
        },
        {
          "type": "image",
          "assetId": "_0_DJT7y89qP",
          "checksum": "7a9f1613bba3389959e7122174e68ebe"
        },
        {
          "type": "image",
          "assetId": "P9w-jX7tdE6B",
          "checksum": "4e0f85a838650a51efcb09260ca9a5bc"
        },
        {
          "type": "image",
          "assetId": "hAGpNM1ZpVTS",
          "checksum": "87045a488b400c296b6c8cc163d075cd"
        },
        {
          "type": "image",
          "assetId": "M-x40ddjzQ_B",
          "checksum": "e413a9d87100596adc70e4c440587676"
        },
        {
          "type": "image",
          "assetId": "_BmfJeoB2Wo1",
          "checksum": "22e4d0072aa4bb0b2184de8477b2446f"
        },
        {
          "type": "image",
          "assetId": "MrimYS5WfWBy",
          "checksum": "20c921d4896eab326b632d4f3f1938d6"
        },
        {
          "type": "image",
          "assetId": "6A7dRnDDDH1-",
          "checksum": "b14d662fe2c37d1d90a4b35f9131fd1a"
        },
        {
          "type": "image",
          "assetId": "oaOB-EIUoJtz",
          "checksum": "8c2de1abf7b1ea9a19982bf2c083b47c"
        },
        {
          "type": "image",
          "assetId": "NKJ4XgLrvtk2",
          "checksum": "06250c22c1f76885734db4c7a0270c75"
        },
        {
          "type": "image",
          "assetId": "YML8bomwRP4R",
          "checksum": "ede19b30e698bd6142835c794c38773e"
        },
        {
          "type": "image",
          "assetId": "Syh5ggD5Mdtr",
          "checksum": "508305812826794c2e70ac6a65f54234"
        },
        {
          "type": "image",
          "assetId": "6rIF2Lew5xpr",
          "checksum": "d6ea8b90aa19cdf025bf666ebe57c100"
        },
        {
          "type": "image",
          "assetId": "UOE9dIJNzHIs",
          "checksum": "be65ba7838df4ab2bbbc22e5629f0c78"
        },
        {
          "type": "image",
          "assetId": "glA6kR5hvtlI",
          "checksum": "289ebd1772d7ae95220638bae67d478a"
        },
        {
          "assetId": "oE3FNJgfJRWctRp1SvVjWz",
          "checksum": "f04ad858f7d3d1e3c2e883d674e792ab",
          "type": "globalContexts"
        },
        {
          "assetId": "oE3FNJgfJRWctRp1SvVjWz",
          "type": "projectCss",
          "checksum": "b16d97588eb5cba96510a636836ba46e"
        }
      ],
      "codegenVersion": "0.0.3"
    },
    {
      "projectId": "ohDidvG9XsCeFumugENU3J",
      "version": "6.36.0",
      "dependencies": {},
      "lang": "js",
      "fileLocks": [
        {
          "assetId": "ohDidvG9XsCeFumugENU3J",
          "type": "projectCss",
          "checksum": "75961759fc8ea4962a2cb3b7c75460ce"
        },
        {
          "assetId": "ohDidvG9XsCeFumugENU3J",
          "checksum": "be3f0aaba617feb7e002ecfd303a0f73",
          "type": "globalContexts"
        },
        {
          "assetId": "ohDidvG9XsCeFumugENU3J",
          "checksum": "fb807fe3705f30ea295ebfad5287dd4b",
          "type": "projectModule"
        },
        {
          "assetId": "ohDidvG9XsCeFumugENU3J",
          "checksum": "206a8fa09a3adadf3f31a6923f0ced0b",
          "type": "styleTokensProvider"
        }
      ],
      "codegenVersion": "0.0.3"
    },
    {
      "projectId": "hPz6Q3nQJn9Q8DTBgANGwo",
      "version": "0.1.0",
      "dependencies": {},
      "lang": "js",
      "fileLocks": [
        {
          "assetId": "hPz6Q3nQJn9Q8DTBgANGwo",
          "type": "projectCss",
          "checksum": "95eeb73b8212ed9cd3037fddbbfbc8fd"
        },
        {
          "assetId": "hPz6Q3nQJn9Q8DTBgANGwo",
          "checksum": "e879a55fe0e33c5a7292ca76ca988c2c",
          "type": "projectModule"
        },
        {
          "assetId": "hPz6Q3nQJn9Q8DTBgANGwo",
          "checksum": "1cb84cf42f716f29a7b5540c71f7b7dc",
          "type": "styleTokensProvider"
        }
      ],
      "codegenVersion": "0.0.3"
    },
    {
      "projectId": "hjKYmYi6HMwK6TRyk7ew5R",
      "version": "6.48.0",
      "dependencies": {},
      "lang": "js",
      "fileLocks": [
        {
          "assetId": "hjKYmYi6HMwK6TRyk7ew5R",
          "type": "projectCss",
          "checksum": "67e9256e8ace534de8b5efdcf1af8bf2"
        },
        {
          "assetId": "hjKYmYi6HMwK6TRyk7ew5R",
          "checksum": "fc22da7d2d5ac9282315db9ed887f438",
          "type": "globalContexts"
        },
        {
          "assetId": "hjKYmYi6HMwK6TRyk7ew5R",
          "checksum": "20c7b88464f2ba9d61a14974124f4e40",
          "type": "projectModule"
        },
        {
          "assetId": "hjKYmYi6HMwK6TRyk7ew5R",
          "checksum": "f33b7be02620719563357df39eeeb5e2",
          "type": "styleTokensProvider"
        }
      ],
      "codegenVersion": "0.0.3"
    }
  ],
  "cliVersion": "0.1.364"
}
